{
  "nodes": {
    "flake-utils": {
      "locked": {
        "lastModified": 1653893745,
        "narHash": "sha256-0jntwV3Z8//YwuOjzhV2sgJJPt+HY6KhU7VZUL0fKZQ=",
        "owner": "numtide",
        "repo": "flake-utils",
        "rev": "1ed9fb1935d260de5fe1c2f7ee0ebaae17ed2fa1",
        "type": "github"
      },
      "original": {
        "owner": "numtide",
        "repo": "flake-utils",
        "type": "github"
      }
    },
    "flake-utils_2": {
      "locked": {
        "lastModified": 1653893745,
        "narHash": "sha256-0jntwV3Z8//YwuOjzhV2sgJJPt+HY6KhU7VZUL0fKZQ=",
        "owner": "numtide",
        "repo": "flake-utils",
        "rev": "1ed9fb1935d260de5fe1c2f7ee0ebaae17ed2fa1",
        "type": "github"
      },
      "original": {
        "owner": "numtide",
        "repo": "flake-utils",
        "type": "github"
      }
    },
    "nixpkgs": {
      "locked": {
        "lastModified": 1655963066,
        "narHash": "sha256-VgSW/Ta901eNl6Wx/HS0VpkuYE9Nvqp/Mu0uBCxWfSQ=",
        "owner": "NixOS",
        "repo": "nixpkgs",
        "rev": "a2dbba380ba902e7acfec9bb9332cf9bbd566c68",
        "type": "github"
      },
      "original": {
        "owner": "NixOS",
        "repo": "nixpkgs",
        "type": "github"
      }
    },
    "nixpkgs_2": {
      "locked": {
        "lastModified": 1655963066,
        "narHash": "sha256-VgSW/Ta901eNl6Wx/HS0VpkuYE9Nvqp/Mu0uBCxWfSQ=",
        "owner": "NixOS",
        "repo": "nixpkgs",
        "rev": "a2dbba380ba902e7acfec9bb9332cf9bbd566c68",
        "type": "github"
      },
      "original": {
        "owner": "NixOS",
        "repo": "nixpkgs",
        "type": "github"
      }
    },
    "poetry": {
      "inputs": {
        "flake-utils": "flake-utils_2",
        "nixpkgs": "nixpkgs_2"
      },
      "locked": {
        "lastModified": 1655482677,
        "narHash": "sha256-IGTwio1b4C7Etn4gBb76NILDS+8BsOmDlG8+dhfZL40=",
        "owner": "nix-community",
        "repo": "poetry2nix",
        "rev": "ea3bd4eb70a3f9ead0dd88dab23e42c542e69c07",
        "type": "github"
      },
      "original": {
        "owner": "nix-community",
        "repo": "poetry2nix",
        "type": "github"
      }
    },
    "root": {
      "inputs": {
        "flake-utils": "flake-utils",
        "nixpkgs": "nixpkgs",
        "poetry": "poetry"
      }
    }
  },
  "root": "root",
  "version": 7
}
